
Microsoft Visual Studio Solution File, Format Version 12.00
# Visual Studio Version 17
VisualStudioVersion = 17.14.36301.6 d17.14
MinimumVisualStudioVersion = 10.0.40219.1
Project("{FAE04EC0-301F-11D3-BF4B-00C04F79EFBC}") = "RepositoryPatternDemo.Business", "RepositoryPatternDemo.Business\RepositoryPatternDemo.Business.csproj", "{1C7EE946-E21D-43C9-94DB-2E87E155D288}"
EndProject
Project("{FAE04EC0-301F-11D3-BF4B-00C04F79EFBC}") = "RepositoryPatternDemo.WebAPI", "RepositoryPatternDemo.WebAPI\RepositoryPatternDemo.WebAPI.csproj", "{CA41EDC1-E6C2-436D-A86F-333BFC91CF4E}"
EndProject
Project("{FAE04EC0-301F-11D3-BF4B-00C04F79EFBC}") = "RepositoryPatternDemo.DataAccess", "RepositoryPatternDemo.DataAccess\RepositoryPatternDemo.DataAccess.csproj", "{A4FD90F1-4118-4735-AEFB-BDDD18E64A6F}"
EndProject
Project("{FAE04EC0-301F-11D3-BF4B-00C04F79EFBC}") = "RepositoryPatternDemo.Domain", "RepositoryPatternDemo.Domain\RepositoryPatternDemo.Domain.csproj", "{ED3C0FC0-817E-424D-B952-E77AB02DF45F}"
EndProject
Global
	GlobalSection(SolutionConfigurationPlatforms) = preSolution
		Debug|Any CPU = Debug|Any CPU
		Release|Any CPU = Release|Any CPU
	EndGlobalSection
	GlobalSection(ProjectConfigurationPlatforms) = postSolution
		{1C7EE946-E21D-43C9-94DB-2E87E155D288}.Debug|Any CPU.ActiveCfg = Debug|Any CPU
		{1C7EE946-E21D-43C9-94DB-2E87E155D288}.Debug|Any CPU.Build.0 = Debug|Any CPU
		{1C7EE946-E21D-43C9-94DB-2E87E155D288}.Release|Any CPU.ActiveCfg = Release|Any CPU
		{1C7EE946-E21D-43C9-94DB-2E87E155D288}.Release|Any CPU.Build.0 = Release|Any CPU
		{CA41EDC1-E6C2-436D-A86F-333BFC91CF4E}.Debug|Any CPU.ActiveCfg = Debug|Any CPU
		{CA41EDC1-E6C2-436D-A86F-333BFC91CF4E}.Debug|Any CPU.Build.0 = Debug|Any CPU
		{CA41EDC1-E6C2-436D-A86F-333BFC91CF4E}.Release|Any CPU.ActiveCfg = Release|Any CPU
		{CA41EDC1-E6C2-436D-A86F-333BFC91CF4E}.Release|Any CPU.Build.0 = Release|Any CPU
		{A4FD90F1-4118-4735-AEFB-BDDD18E64A6F}.Debug|Any CPU.ActiveCfg = Debug|Any CPU
		{A4FD90F1-4118-4735-AEFB-BDDD18E64A6F}.Debug|Any CPU.Build.0 = Debug|Any CPU
		{A4FD90F1-4118-4735-AEFB-BDDD18E64A6F}.Release|Any CPU.ActiveCfg = Release|Any CPU
		{A4FD90F1-4118-4735-AEFB-BDDD18E64A6F}.Release|Any CPU.Build.0 = Release|Any CPU
		{ED3C0FC0-817E-424D-B952-E77AB02DF45F}.Debug|Any CPU.ActiveCfg = Debug|Any CPU
		{ED3C0FC0-817E-424D-B952-E77AB02DF45F}.Debug|Any CPU.Build.0 = Debug|Any CPU
		{ED3C0FC0-817E-424D-B952-E77AB02DF45F}.Release|Any CPU.ActiveCfg = Release|Any CPU
		{ED3C0FC0-817E-424D-B952-E77AB02DF45F}.Release|Any CPU.Build.0 = Release|Any CPU
	EndGlobalSection
	GlobalSection(SolutionProperties) = preSolution
		HideSolutionNode = FALSE
	EndGlobalSection
	GlobalSection(ExtensibilityGlobals) = postSolution
		SolutionGuid = {82FA77CE-C4B3-4B9E-9BDD-280206DC522F}
	EndGlobalSection
EndGlobal
